
Microsoft Visual Studio Solution File, Format Version 12.00
# Visual Studio Version 16
VisualStudioVersion = 16.0.33027.164
MinimumVisualStudioVersion = 10.0.40219.1
Project("{8BC9CEB8-8B4A-11D0-8D11-00A0C91BC942}") = "Sandbox", "Sandbox\Sandbox.vcxproj", "{7DFBBD29-7304-4E75-80D5-AE4B90C75CFD}"
EndProject
Project("{8BC9CEB8-8B4A-11D0-8D11-00A0C91BC942}") = "Engine", "Engine\Engine.vcxproj", "{B3CF99E9-854F-4D84-B6E5-88CAAD7B0EF4}"
EndProject
Global
	GlobalSection(SolutionConfigurationPlatforms) = preSolution
		Debug|x64 = Debug|x64
		Release|x64 = Release|x64
	EndGlobalSection
	GlobalSection(ProjectConfigurationPlatforms) = postSolution
		{B3CF99E9-854F-4D84-B6E5-88CAAD7B0EF4}.Debug|x64.ActiveCfg = Debug|x64
		{B3CF99E9-854F-4D84-B6E5-88CAAD7B0EF4}.Debug|x64.Build.0 = Debug|x64
		{B3CF99E9-854F-4D84-B6E5-88CAAD7B0EF4}.Release|x64.ActiveCfg = Release|x64
		{B3CF99E9-854F-4D84-B6E5-88CAAD7B0EF4}.Release|x64.Build.0 = Release|x64
		{7DFBBD29-7304-4E75-80D5-AE4B90C75CFD}.Debug|x64.ActiveCfg = Debug|x64
		{7DFBBD29-7304-4E75-80D5-AE4B90C75CFD}.Debug|x64.Build.0 = Debug|x64
		{7DFBBD29-7304-4E75-80D5-AE4B90C75CFD}.Release|x64.ActiveCfg = Release|x64
		{7DFBBD29-7304-4E75-80D5-AE4B90C75CFD}.Release|x64.Build.0 = Release|x64
	EndGlobalSection
	GlobalSection(SolutionProperties) = preSolution
		HideSolutionNode = FALSE
	EndGlobalSection
	GlobalSection(ExtensibilityGlobals) = postSolution
		SolutionGuid = {6277E748-59AD-4083-AD5C-0BA3092FD60D}
	EndGlobalSection
EndGlobal
