<?xml version="1.0" encoding="utf-8"?>
<Project ToolsVersion="4.0" xmlns="http://schemas.microsoft.com/developer/msbuild/2003">
  <ItemGroup>
    <Filter Include="KDEngine">
      <UniqueIdentifier>{4A8E69CE-365B-C4D9-5F74-B2814BA0F967}</UniqueIdentifier>
    </Filter>
    <Filter Include="KDEngine\Codes">
      <UniqueIdentifier>{0712CFB9-F3DF-C2BF-DC73-33E6C8E09E24}</UniqueIdentifier>
    </Filter>
    <Filter Include="KDEngine\Core">
      <UniqueIdentifier>{E230A924-4EF1-245B-172C-6ED883AB6937}</UniqueIdentifier>
    </Filter>
    <Filter Include="KDEngine\Events">
      <UniqueIdentifier>{EE02DBF8-5A8E-48BD-639F-CBB1CFA9A4BD}</UniqueIdentifier>
    </Filter>
    <Filter Include="KDEngine\ImGui">
      <UniqueIdentifier>{F4123ABA-E0E0-2DC0-C974-9EE6B5E10925}</UniqueIdentifier>
    </Filter>
    <Filter Include="KDEngine\Renderer">
      <UniqueIdentifier>{3085A292-9C9B-A028-E512-2C4A516871B0}</UniqueIdentifier>
    </Filter>
    <Filter Include="Platform">
      <UniqueIdentifier>{2AC788B4-1694-E3BF-3FAD-D1672BD9184E}</UniqueIdentifier>
    </Filter>
    <Filter Include="Platform\OpenGL">
      <UniqueIdentifier>{1E7D2C1D-8A08-9AE1-9319-1DD6FF23F6E1}</UniqueIdentifier>
    </Filter>
    <Filter Include="Platform\Windows">
      <UniqueIdentifier>{64FBD71A-50F4-F66C-7926-DCF1657ED678}</UniqueIdentifier>
    </Filter>
  </ItemGroup>
  <ItemGroup>
    <ClInclude Include="src\KDEngine.h" />
    <ClInclude Include="src\KDEngine\Application.h">
      <Filter>KDEngine</Filter>
    </ClInclude>
    <ClInclude Include="src\KDEngine\Codes\KeyCodes.h">
      <Filter>KDEngine\Codes</Filter>
    </ClInclude>
    <ClInclude Include="src\KDEngine\Codes\MouseCodes.h">
      <Filter>KDEngine\Codes</Filter>
    </ClInclude>
    <ClInclude Include="src\KDEngine\Core.h">
      <Filter>KDEngine</Filter>
    </ClInclude>
    <ClInclude Include="src\KDEngine\Core\Timestep.h">
      <Filter>KDEngine\Core</Filter>
    </ClInclude>
    <ClInclude Include="src\KDEngine\EntryPoint.h">
      <Filter>KDEngine</Filter>
    </ClInclude>
    <ClInclude Include="src\KDEngine\Events\ApplicationEvent.h">
      <Filter>KDEngine\Events</Filter>
    </ClInclude>
    <ClInclude Include="src\KDEngine\Events\Event.h">
      <Filter>KDEngine\Events</Filter>
    </ClInclude>
    <ClInclude Include="src\KDEngine\Events\KeyEvent.h">
      <Filter>KDEngine\Events</Filter>
    </ClInclude>
    <ClInclude Include="src\KDEngine\Events\MouseEvent.h">
      <Filter>KDEngine\Events</Filter>
    </ClInclude>
    <ClInclude Include="src\KDEngine\ImGui\ImGuiLayer.h">
      <Filter>KDEngine\ImGui</Filter>
    </ClInclude>
    <ClInclude Include="src\KDEngine\Input.h">
      <Filter>KDEngine</Filter>
    </ClInclude>
    <ClInclude Include="src\KDEngine\Layer.h">
      <Filter>KDEngine</Filter>
    </ClInclude>
    <ClInclude Include="src\KDEngine\LayerStack.h">
      <Filter>KDEngine</Filter>
    </ClInclude>
    <ClInclude Include="src\KDEngine\Log.h">
      <Filter>KDEngine</Filter>
    </ClInclude>
    <ClInclude Include="src\KDEngine\Renderer\Buffer.h">
      <Filter>KDEngine\Renderer</Filter>
    </ClInclude>
    <ClInclude Include="src\KDEngine\Renderer\GraphicsContext.h">
      <Filter>KDEngine\Renderer</Filter>
    </ClInclude>
    <ClInclude Include="src\KDEngine\Renderer\OrthographicCamera.h">
      <Filter>KDEngine\Renderer</Filter>
    </ClInclude>
    <ClInclude Include="src\KDEngine\Renderer\Renderer.h">
      <Filter>KDEngine\Renderer</Filter>
    </ClInclude>
    <ClInclude Include="src\KDEngine\Renderer\RendererAPI.h">
      <Filter>KDEngine\Renderer</Filter>
    </ClInclude>
    <ClInclude Include="src\KDEngine\Renderer\RendererCommand.h">
      <Filter>KDEngine\Renderer</Filter>
    </ClInclude>
    <ClInclude Include="src\KDEngine\Renderer\Shader.h">
      <Filter>KDEngine\Renderer</Filter>
    </ClInclude>
    <ClInclude Include="src\KDEngine\Renderer\VertexArray.h">
      <Filter>KDEngine\Renderer</Filter>
    </ClInclude>
    <ClInclude Include="src\KDEngine\Window.h">
      <Filter>KDEngine</Filter>
    </ClInclude>
    <ClInclude Include="src\Platform\OpenGL\OpenGLBuffer.h">
      <Filter>Platform\OpenGL</Filter>
    </ClInclude>
    <ClInclude Include="src\Platform\OpenGL\OpenGLContext.h">
      <Filter>Platform\OpenGL</Filter>
    </ClInclude>
    <ClInclude Include="src\Platform\OpenGL\OpenGLRendererAPI.h">
      <Filter>Platform\OpenGL</Filter>
    </ClInclude>
    <ClInclude Include="src\Platform\OpenGL\OpenGLShader.h">
      <Filter>Platform\OpenGL</Filter>
    </ClInclude>
    <ClInclude Include="src\Platform\OpenGL\OpenGLVertexArray.h">
      <Filter>Platform\OpenGL</Filter>
    </ClInclude>
    <ClInclude Include="src\Platform\Windows\WindowsInput.h">
      <Filter>Platform\Windows</Filter>
    </ClInclude>
    <ClInclude Include="src\Platform\Windows\WindowsWindow.h">
      <Filter>Platform\Windows</Filter>
    </ClInclude>
    <ClInclude Include="src\kdpch.h" />
  </ItemGroup>
  <ItemGroup>
    <ClCompile Include="src\KDEngine\Application.cpp">
      <Filter>KDEngine</Filter>
    </ClCompile>
    <ClCompile Include="src\KDEngine\ImGui\ImGuiBuild.cpp">
      <Filter>KDEngine\ImGui</Filter>
    </ClCompile>
    <ClCompile Include="src\KDEngine\ImGui\ImGuiLayer.cpp">
      <Filter>KDEngine\ImGui</Filter>
    </ClCompile>
    <ClCompile Include="src\KDEngine\Layer.cpp">
      <Filter>KDEngine</Filter>
    </ClCompile>
    <ClCompile Include="src\KDEngine\LayerStack.cpp">
      <Filter>KDEngine</Filter>
    </ClCompile>
    <ClCompile Include="src\KDEngine\Log.cpp">
      <Filter>KDEngine</Filter>
    </ClCompile>
    <ClCompile Include="src\KDEngine\Renderer\Buffer.cpp">
      <Filter>KDEngine\Renderer</Filter>
    </ClCompile>
    <ClCompile Include="src\KDEngine\Renderer\OrthographicCamera.cpp">
      <Filter>KDEngine\Renderer</Filter>
    </ClCompile>
    <ClCompile Include="src\KDEngine\Renderer\Renderer.cpp">
      <Filter>KDEngine\Renderer</Filter>
    </ClCompile>
    <ClCompile Include="src\KDEngine\Renderer\RendererAPI.cpp">
      <Filter>KDEngine\Renderer</Filter>
    </ClCompile>
    <ClCompile Include="src\KDEngine\Renderer\RendererCommand.cpp">
      <Filter>KDEngine\Renderer</Filter>
    </ClCompile>
    <ClCompile Include="src\KDEngine\Renderer\Shader.cpp">
      <Filter>KDEngine\Renderer</Filter>
    </ClCompile>
    <ClCompile Include="src\KDEngine\Renderer\VertexArray.cpp">
      <Filter>KDEngine\Renderer</Filter>
    </ClCompile>
    <ClCompile Include="src\Platform\OpenGL\OpenGLBuffer.cpp">
      <Filter>Platform\OpenGL</Filter>
    </ClCompile>
    <ClCompile Include="src\Platform\OpenGL\OpenGLContext.cpp">
      <Filter>Platform\OpenGL</Filter>
    </ClCompile>
    <ClCompile Include="src\Platform\OpenGL\OpenGLRendererAPI.cpp">
      <Filter>Platform\OpenGL</Filter>
    </ClCompile>
    <ClCompile Include="src\Platform\OpenGL\OpenGLShader.cpp">
      <Filter>Platform\OpenGL</Filter>
    </ClCompile>
    <ClCompile Include="src\Platform\OpenGL\OpenGLVertexArray.cpp">
      <Filter>Platform\OpenGL</Filter>
    </ClCompile>
    <ClCompile Include="src\Platform\Windows\WindowsInput.cpp">
      <Filter>Platform\Windows</Filter>
    </ClCompile>
    <ClCompile Include="src\Platform\Windows\WindowsWindow.cpp">
      <Filter>Platform\Windows</Filter>
    </ClCompile>
    <ClCompile Include="src\kdpch.cpp" />
  </ItemGroup>
</Project>