<?xml version="1.0" encoding="utf-8"?>
<Project ToolsVersion="4.0" xmlns="http://schemas.microsoft.com/developer/msbuild/2003">
  <ItemGroup>
    <Filter Include="KDEngine">
      <UniqueIdentifier>{4A8E69CE-365B-C4D9-5F74-B2814BA0F967}</UniqueIdentifier>
    </Filter>
    <Filter Include="KDEngine\Events">
      <UniqueIdentifier>{EE02DBF8-5A8E-48BD-639F-CBB1CFA9A4BD}</UniqueIdentifier>
    </Filter>
    <Filter Include="KDEngine\ImGui">
      <UniqueIdentifier>{F4123ABA-E0E0-2DC0-C974-9EE6B5E10925}</UniqueIdentifier>
    </Filter>
    <Filter Include="Platform">
      <UniqueIdentifier>{2AC788B4-1694-E3BF-3FAD-D1672BD9184E}</UniqueIdentifier>
    </Filter>
    <Filter Include="Platform\Windows">
      <UniqueIdentifier>{64FBD71A-50F4-F66C-7926-DCF1657ED678}</UniqueIdentifier>
    </Filter>
  </ItemGroup>
  <ItemGroup>
    <ClInclude Include="src\KDEngine.h" />
    <ClInclude Include="src\KDEngine\Application.h">
      <Filter>KDEngine</Filter>
    </ClInclude>
    <ClInclude Include="src\KDEngine\Core.h">
      <Filter>KDEngine</Filter>
    </ClInclude>
    <ClInclude Include="src\KDEngine\EntryPoint.h">
      <Filter>KDEngine</Filter>
    </ClInclude>
    <ClInclude Include="src\KDEngine\Events\ApplicationEvent.h">
      <Filter>KDEngine\Events</Filter>
    </ClInclude>
    <ClInclude Include="src\KDEngine\Events\Event.h">
      <Filter>KDEngine\Events</Filter>
    </ClInclude>
    <ClInclude Include="src\KDEngine\Events\KeyEvent.h">
      <Filter>KDEngine\Events</Filter>
    </ClInclude>
    <ClInclude Include="src\KDEngine\Events\MouseEvent.h">
      <Filter>KDEngine\Events</Filter>
    </ClInclude>
    <ClInclude Include="src\KDEngine\ImGui\ImGuiLayer.h">
      <Filter>KDEngine\ImGui</Filter>
    </ClInclude>
    <ClInclude Include="src\KDEngine\Layer.h">
      <Filter>KDEngine</Filter>
    </ClInclude>
    <ClInclude Include="src\KDEngine\LayerStack.h">
      <Filter>KDEngine</Filter>
    </ClInclude>
    <ClInclude Include="src\KDEngine\Log.h">
      <Filter>KDEngine</Filter>
    </ClInclude>
    <ClInclude Include="src\KDEngine\Window.h">
      <Filter>KDEngine</Filter>
    </ClInclude>
    <ClInclude Include="src\Platform\Windows\WindowsWindow.h">
      <Filter>Platform\Windows</Filter>
    </ClInclude>
    <ClInclude Include="src\kdpch.h" />
    <ClInclude Include="src\Platform\OpenGL\imgui_impl_opengl3.h" />
    <ClInclude Include="src\Platform\OpenGL\imgui_impl_opengl3_loader.h" />
  </ItemGroup>
  <ItemGroup>
    <ClCompile Include="src\KDEngine\Application.cpp">
      <Filter>KDEngine</Filter>
    </ClCompile>
    <ClCompile Include="src\KDEngine\ImGui\ImGuiLayer.cpp">
      <Filter>KDEngine\ImGui</Filter>
    </ClCompile>
    <ClCompile Include="src\KDEngine\Layer.cpp">
      <Filter>KDEngine</Filter>
    </ClCompile>
    <ClCompile Include="src\KDEngine\LayerStack.cpp">
      <Filter>KDEngine</Filter>
    </ClCompile>
    <ClCompile Include="src\KDEngine\Log.cpp">
      <Filter>KDEngine</Filter>
    </ClCompile>
    <ClCompile Include="src\Platform\Windows\WindowsWindow.cpp">
      <Filter>Platform\Windows</Filter>
    </ClCompile>
    <ClCompile Include="src\kdpch.cpp" />
    <ClCompile Include="src\Platform\OpenGL\imgui_impl_opengl3.cpp" />
  </ItemGroup>
</Project>